// !$*UTF8*$!
{
	archiveVersion = 1;
	classes = {
	};
	objectVersion = 55;
	objects = {

/* Begin PBXBuildFile section */
		201C834027104E1B00A552F2 /* Users.swift in Sources */ = {isa = PBXBuildFile; fileRef = 201C833F27104E1B00A552F2 /* Users.swift */; };
		201C834127104E1B00A552F2 /* Tag.swift in Sources */ = {isa = PBXBuildFile; fileRef = 201C833D27104E1B00A552F2 /* Tag.swift */; };
		201C834227104E1B00A552F2 /* UserTag.swift in Sources */ = {isa = PBXBuildFile; fileRef = 201C833E27104E1B00A552F2 /* UserTag.swift */; };
		201C834327104E1B00A552F2 /* User.swift in Sources */ = {isa = PBXBuildFile; fileRef = 201C833B27104E1B00A552F2 /* User.swift */; };
		201C834427104E1B00A552F2 /* Followings.swift in Sources */ = {isa = PBXBuildFile; fileRef = 201C833C27104E1B00A552F2 /* Followings.swift */; };
		201C83472710A09800A552F2 /* UserDetailCollectionViewCell.swift in Sources */ = {isa = PBXBuildFile; fileRef = 201C83462710A09800A552F2 /* UserDetailCollectionViewCell.swift */; };
		20223542270ECA49008F7CB6 /* AppDelegate.swift in Sources */ = {isa = PBXBuildFile; fileRef = 20223541270ECA49008F7CB6 /* AppDelegate.swift */; };
		20223544270ECA49008F7CB6 /* SceneDelegate.swift in Sources */ = {isa = PBXBuildFile; fileRef = 20223543270ECA49008F7CB6 /* SceneDelegate.swift */; };
		20223546270ECA49008F7CB6 /* HomeViewController.swift in Sources */ = {isa = PBXBuildFile; fileRef = 20223545270ECA49008F7CB6 /* HomeViewController.swift */; };
		2022354B270ECA4F008F7CB6 /* Assets.xcassets in Resources */ = {isa = PBXBuildFile; fileRef = 2022354A270ECA4F008F7CB6 /* Assets.xcassets */; };
		2022354E270ECA4F008F7CB6 /* LaunchScreen.storyboard in Resources */ = {isa = PBXBuildFile; fileRef = 2022354C270ECA4F008F7CB6 /* LaunchScreen.storyboard */; };
		20223559270ECA50008F7CB6 /* Ascentpark_UIKitTests.swift in Sources */ = {isa = PBXBuildFile; fileRef = 20223558270ECA50008F7CB6 /* Ascentpark_UIKitTests.swift */; };
		20223563270ECA50008F7CB6 /* Ascentpark_UIKitUITests.swift in Sources */ = {isa = PBXBuildFile; fileRef = 20223562270ECA50008F7CB6 /* Ascentpark_UIKitUITests.swift */; };
		20223565270ECA50008F7CB6 /* Ascentpark_UIKitUITestsLaunchTests.swift in Sources */ = {isa = PBXBuildFile; fileRef = 20223564270ECA50008F7CB6 /* Ascentpark_UIKitUITestsLaunchTests.swift */; };
		2028C65A270F90B90041177E /* TabBarViewController.swift in Sources */ = {isa = PBXBuildFile; fileRef = 2028C659270F90B90041177E /* TabBarViewController.swift */; };
		2028C65C270F90EA0041177E /* SearchViewController.swift in Sources */ = {isa = PBXBuildFile; fileRef = 2028C65B270F90EA0041177E /* SearchViewController.swift */; };
		2028C660270F913C0041177E /* WelcomViewController.swift in Sources */ = {isa = PBXBuildFile; fileRef = 2028C65F270F913C0041177E /* WelcomViewController.swift */; };
		2028C662270F91590041177E /* AuthManager.swift in Sources */ = {isa = PBXBuildFile; fileRef = 2028C661270F91590041177E /* AuthManager.swift */; };
		2028C664270F916D0041177E /* APICaller.swift in Sources */ = {isa = PBXBuildFile; fileRef = 2028C663270F916D0041177E /* APICaller.swift */; };
		2028C666270F918F0041177E /* UserProfile.swift in Sources */ = {isa = PBXBuildFile; fileRef = 2028C665270F918F0041177E /* UserProfile.swift */; };
		20A6EDF72710216500E0F39C /* Raleway in Resources */ = {isa = PBXBuildFile; fileRef = 20A6EDF62710216500E0F39C /* Raleway */; };
		20A6EDF92710217100E0F39C /* Poppins in Resources */ = {isa = PBXBuildFile; fileRef = 20A6EDF82710217100E0F39C /* Poppins */; };
		20CCD0A7271030FB00F1C2FC /* JsonManager.swift in Sources */ = {isa = PBXBuildFile; fileRef = 20CCD0A6271030FB00F1C2FC /* JsonManager.swift */; };
		20CCD0AB2710386C00F1C2FC /* data.json in Resources */ = {isa = PBXBuildFile; fileRef = 20CCD0AA2710386C00F1C2FC /* data.json */; };
/* End PBXBuildFile section */

/* Begin PBXContainerItemProxy section */
		20223555270ECA50008F7CB6 /* PBXContainerItemProxy */ = {
			isa = PBXContainerItemProxy;
			containerPortal = 20223536270ECA48008F7CB6 /* Project object */;
			proxyType = 1;
			remoteGlobalIDString = 2022353D270ECA48008F7CB6;
			remoteInfo = "Ascentpark UIKit";
		};
		2022355F270ECA50008F7CB6 /* PBXContainerItemProxy */ = {
			isa = PBXContainerItemProxy;
			containerPortal = 20223536270ECA48008F7CB6 /* Project object */;
			proxyType = 1;
			remoteGlobalIDString = 2022353D270ECA48008F7CB6;
			remoteInfo = "Ascentpark UIKit";
		};
/* End PBXContainerItemProxy section */

/* Begin PBXFileReference section */
		201C833B27104E1B00A552F2 /* User.swift */ = {isa = PBXFileReference; lastKnownFileType = sourcecode.swift; path = User.swift; sourceTree = "<group>"; };
		201C833C27104E1B00A552F2 /* Followings.swift */ = {isa = PBXFileReference; lastKnownFileType = sourcecode.swift; path = Followings.swift; sourceTree = "<group>"; };
		201C833D27104E1B00A552F2 /* Tag.swift */ = {isa = PBXFileReference; lastKnownFileType = sourcecode.swift; path = Tag.swift; sourceTree = "<group>"; };
		201C833E27104E1B00A552F2 /* UserTag.swift */ = {isa = PBXFileReference; lastKnownFileType = sourcecode.swift; path = UserTag.swift; sourceTree = "<group>"; };
		201C833F27104E1B00A552F2 /* Users.swift */ = {isa = PBXFileReference; lastKnownFileType = sourcecode.swift; path = Users.swift; sourceTree = "<group>"; };
		201C83462710A09800A552F2 /* UserDetailCollectionViewCell.swift */ = {isa = PBXFileReference; lastKnownFileType = sourcecode.swift; path = UserDetailCollectionViewCell.swift; sourceTree = "<group>"; };
		2022353E270ECA48008F7CB6 /* Ascentpark UIKit.app */ = {isa = PBXFileReference; explicitFileType = wrapper.application; includeInIndex = 0; path = "Ascentpark UIKit.app"; sourceTree = BUILT_PRODUCTS_DIR; };
		20223541270ECA49008F7CB6 /* AppDelegate.swift */ = {isa = PBXFileReference; lastKnownFileType = sourcecode.swift; path = AppDelegate.swift; sourceTree = "<group>"; };
		20223543270ECA49008F7CB6 /* SceneDelegate.swift */ = {isa = PBXFileReference; lastKnownFileType = sourcecode.swift; path = SceneDelegate.swift; sourceTree = "<group>"; };
		20223545270ECA49008F7CB6 /* HomeViewController.swift */ = {isa = PBXFileReference; lastKnownFileType = sourcecode.swift; path = HomeViewController.swift; sourceTree = "<group>"; };
		2022354A270ECA4F008F7CB6 /* Assets.xcassets */ = {isa = PBXFileReference; lastKnownFileType = folder.assetcatalog; path = Assets.xcassets; sourceTree = "<group>"; };
		2022354D270ECA4F008F7CB6 /* Base */ = {isa = PBXFileReference; lastKnownFileType = file.storyboard; name = Base; path = Base.lproj/LaunchScreen.storyboard; sourceTree = "<group>"; };
		2022354F270ECA4F008F7CB6 /* Info.plist */ = {isa = PBXFileReference; lastKnownFileType = text.plist.xml; path = Info.plist; sourceTree = "<group>"; };
		20223554270ECA50008F7CB6 /* Ascentpark UIKitTests.xctest */ = {isa = PBXFileReference; explicitFileType = wrapper.cfbundle; includeInIndex = 0; path = "Ascentpark UIKitTests.xctest"; sourceTree = BUILT_PRODUCTS_DIR; };
		20223558270ECA50008F7CB6 /* Ascentpark_UIKitTests.swift */ = {isa = PBXFileReference; lastKnownFileType = sourcecode.swift; path = Ascentpark_UIKitTests.swift; sourceTree = "<group>"; };
		2022355E270ECA50008F7CB6 /* Ascentpark UIKitUITests.xctest */ = {isa = PBXFileReference; explicitFileType = wrapper.cfbundle; includeInIndex = 0; path = "Ascentpark UIKitUITests.xctest"; sourceTree = BUILT_PRODUCTS_DIR; };
		20223562270ECA50008F7CB6 /* Ascentpark_UIKitUITests.swift */ = {isa = PBXFileReference; lastKnownFileType = sourcecode.swift; path = Ascentpark_UIKitUITests.swift; sourceTree = "<group>"; };
		20223564270ECA50008F7CB6 /* Ascentpark_UIKitUITestsLaunchTests.swift */ = {isa = PBXFileReference; lastKnownFileType = sourcecode.swift; path = Ascentpark_UIKitUITestsLaunchTests.swift; sourceTree = "<group>"; };
		2028C659270F90B90041177E /* TabBarViewController.swift */ = {isa = PBXFileReference; lastKnownFileType = sourcecode.swift; path = TabBarViewController.swift; sourceTree = "<group>"; };
		2028C65B270F90EA0041177E /* SearchViewController.swift */ = {isa = PBXFileReference; lastKnownFileType = sourcecode.swift; path = SearchViewController.swift; sourceTree = "<group>"; };
		2028C65F270F913C0041177E /* WelcomViewController.swift */ = {isa = PBXFileReference; lastKnownFileType = sourcecode.swift; path = WelcomViewController.swift; sourceTree = "<group>"; };
		2028C661270F91590041177E /* AuthManager.swift */ = {isa = PBXFileReference; lastKnownFileType = sourcecode.swift; path = AuthManager.swift; sourceTree = "<group>"; };
		2028C663270F916D0041177E /* APICaller.swift */ = {isa = PBXFileReference; lastKnownFileType = sourcecode.swift; path = APICaller.swift; sourceTree = "<group>"; };
		2028C665270F918F0041177E /* UserProfile.swift */ = {isa = PBXFileReference; lastKnownFileType = sourcecode.swift; path = UserProfile.swift; sourceTree = "<group>"; };
		20A6EDF62710216500E0F39C /* Raleway */ = {isa = PBXFileReference; lastKnownFileType = folder; path = Raleway; sourceTree = "<group>"; };
		20A6EDF82710217100E0F39C /* Poppins */ = {isa = PBXFileReference; lastKnownFileType = folder; path = Poppins; sourceTree = "<group>"; };
		20CCD0A6271030FB00F1C2FC /* JsonManager.swift */ = {isa = PBXFileReference; lastKnownFileType = sourcecode.swift; path = JsonManager.swift; sourceTree = "<group>"; };
		20CCD0AA2710386C00F1C2FC /* data.json */ = {isa = PBXFileReference; lastKnownFileType = text.json; path = data.json; sourceTree = "<group>"; };
/* End PBXFileReference section */

/* Begin PBXFrameworksBuildPhase section */
		2022353B270ECA48008F7CB6 /* Frameworks */ = {
			isa = PBXFrameworksBuildPhase;
			buildActionMask = 2147483647;
			files = (
			);
			runOnlyForDeploymentPostprocessing = 0;
		};
		20223551270ECA50008F7CB6 /* Frameworks */ = {
			isa = PBXFrameworksBuildPhase;
			buildActionMask = 2147483647;
			files = (
			);
			runOnlyForDeploymentPostprocessing = 0;
		};
		2022355B270ECA50008F7CB6 /* Frameworks */ = {
			isa = PBXFrameworksBuildPhase;
			buildActionMask = 2147483647;
			files = (
			);
			runOnlyForDeploymentPostprocessing = 0;
		};
/* End PBXFrameworksBuildPhase section */

/* Begin PBXGroup section */
		201C83452710A05700A552F2 /* Browse */ = {
			isa = PBXGroup;
			children = (
				201C83462710A09800A552F2 /* UserDetailCollectionViewCell.swift */,
			);
			path = Browse;
			sourceTree = "<group>";
		};
		20223535270ECA48008F7CB6 = {
			isa = PBXGroup;
			children = (
				20223540270ECA48008F7CB6 /* Ascentpark UIKit */,
				20223557270ECA50008F7CB6 /* Ascentpark UIKitTests */,
				20223561270ECA50008F7CB6 /* Ascentpark UIKitUITests */,
				2022353F270ECA48008F7CB6 /* Products */,
			);
			sourceTree = "<group>";
		};
		2022353F270ECA48008F7CB6 /* Products */ = {
			isa = PBXGroup;
			children = (
				2022353E270ECA48008F7CB6 /* Ascentpark UIKit.app */,
				20223554270ECA50008F7CB6 /* Ascentpark UIKitTests.xctest */,
				2022355E270ECA50008F7CB6 /* Ascentpark UIKitUITests.xctest */,
			);
			name = Products;
			sourceTree = "<group>";
		};
		20223540270ECA48008F7CB6 /* Ascentpark UIKit */ = {
			isa = PBXGroup;
			children = (
				2046F9FE270F8790004E92C4 /* Resources */,
				2046F9FD270F877F004E92C4 /* ViewModels */,
				2046F9FC270F8773004E92C4 /* Managers */,
				2046F9FB270F8759004E92C4 /* Controllers */,
				2046F9FA270F874A004E92C4 /* Views */,
				2046F9F9270F873F004E92C4 /* Model */,
				2022354C270ECA4F008F7CB6 /* LaunchScreen.storyboard */,
				2022354F270ECA4F008F7CB6 /* Info.plist */,
				20CCD0AA2710386C00F1C2FC /* data.json */,
			);
			path = "Ascentpark UIKit";
			sourceTree = "<group>";
		};
		20223557270ECA50008F7CB6 /* Ascentpark UIKitTests */ = {
			isa = PBXGroup;
			children = (
				20223558270ECA50008F7CB6 /* Ascentpark_UIKitTests.swift */,
			);
			path = "Ascentpark UIKitTests";
			sourceTree = "<group>";
		};
		20223561270ECA50008F7CB6 /* Ascentpark UIKitUITests */ = {
			isa = PBXGroup;
			children = (
				20223562270ECA50008F7CB6 /* Ascentpark_UIKitUITests.swift */,
				20223564270ECA50008F7CB6 /* Ascentpark_UIKitUITestsLaunchTests.swift */,
			);
			path = "Ascentpark UIKitUITests";
			sourceTree = "<group>";
		};
		2028C65D270F90FB0041177E /* Core */ = {
			isa = PBXGroup;
			children = (
				201C833C27104E1B00A552F2 /* Followings.swift */,
				201C833D27104E1B00A552F2 /* Tag.swift */,
				201C833B27104E1B00A552F2 /* User.swift */,
				201C833F27104E1B00A552F2 /* Users.swift */,
				201C833E27104E1B00A552F2 /* UserTag.swift */,
				20223545270ECA49008F7CB6 /* HomeViewController.swift */,
				2028C659270F90B90041177E /* TabBarViewController.swift */,
				2028C65B270F90EA0041177E /* SearchViewController.swift */,
			);
			path = Core;
			sourceTree = "<group>";
		};
		2028C65E270F911C0041177E /* Others */ = {
			isa = PBXGroup;
			children = (
				2028C65F270F913C0041177E /* WelcomViewController.swift */,
			);
			path = Others;
			sourceTree = "<group>";
		};
		2046F9F9270F873F004E92C4 /* Model */ = {
			isa = PBXGroup;
			children = (
				2028C665270F918F0041177E /* UserProfile.swift */,
				20CCD0A6271030FB00F1C2FC /* JsonManager.swift */,
			);
			path = Model;
			sourceTree = "<group>";
		};
		2046F9FA270F874A004E92C4 /* Views */ = {
			isa = PBXGroup;
			children = (
				201C83452710A05700A552F2 /* Browse */,
			);
			path = Views;
			sourceTree = "<group>";
		};
		2046F9FB270F8759004E92C4 /* Controllers */ = {
			isa = PBXGroup;
			children = (
				2028C65E270F911C0041177E /* Others */,
				2028C65D270F90FB0041177E /* Core */,
			);
			path = Controllers;
			sourceTree = "<group>";
		};
		2046F9FC270F8773004E92C4 /* Managers */ = {
			isa = PBXGroup;
			children = (
				2028C661270F91590041177E /* AuthManager.swift */,
				2028C663270F916D0041177E /* APICaller.swift */,
			);
			path = Managers;
			sourceTree = "<group>";
		};
		2046F9FD270F877F004E92C4 /* ViewModels */ = {
			isa = PBXGroup;
			children = (
			);
			path = ViewModels;
			sourceTree = "<group>";
		};
		2046F9FE270F8790004E92C4 /* Resources */ = {
			isa = PBXGroup;
			children = (
				20223541270ECA49008F7CB6 /* AppDelegate.swift */,
				20223543270ECA49008F7CB6 /* SceneDelegate.swift */,
				20A6EDF82710217100E0F39C /* Poppins */,
				20A6EDF62710216500E0F39C /* Raleway */,
				2022354A270ECA4F008F7CB6 /* Assets.xcassets */,
			);
			path = Resources;
			sourceTree = "<group>";
		};
/* End PBXGroup section */

/* Begin PBXNativeTarget section */
		2022353D270ECA48008F7CB6 /* Ascentpark UIKit */ = {
			isa = PBXNativeTarget;
			buildConfigurationList = 20223568270ECA50008F7CB6 /* Build configuration list for PBXNativeTarget "Ascentpark UIKit" */;
			buildPhases = (
				2022353A270ECA48008F7CB6 /* Sources */,
				2022353B270ECA48008F7CB6 /* Frameworks */,
				2022353C270ECA48008F7CB6 /* Resources */,
			);
			buildRules = (
			);
			dependencies = (
			);
			name = "Ascentpark UIKit";
			productName = "Ascentpark UIKit";
			productReference = 2022353E270ECA48008F7CB6 /* Ascentpark UIKit.app */;
			productType = "com.apple.product-type.application";
		};
		20223553270ECA50008F7CB6 /* Ascentpark UIKitTests */ = {
			isa = PBXNativeTarget;
			buildConfigurationList = 2022356B270ECA50008F7CB6 /* Build configuration list for PBXNativeTarget "Ascentpark UIKitTests" */;
			buildPhases = (
				20223550270ECA50008F7CB6 /* Sources */,
				20223551270ECA50008F7CB6 /* Frameworks */,
				20223552270ECA50008F7CB6 /* Resources */,
			);
			buildRules = (
			);
			dependencies = (
				20223556270ECA50008F7CB6 /* PBXTargetDependency */,
			);
			name = "Ascentpark UIKitTests";
			productName = "Ascentpark UIKitTests";
			productReference = 20223554270ECA50008F7CB6 /* Ascentpark UIKitTests.xctest */;
			productType = "com.apple.product-type.bundle.unit-test";
		};
		2022355D270ECA50008F7CB6 /* Ascentpark UIKitUITests */ = {
			isa = PBXNativeTarget;
			buildConfigurationList = 2022356E270ECA50008F7CB6 /* Build configuration list for PBXNativeTarget "Ascentpark UIKitUITests" */;
			buildPhases = (
				2022355A270ECA50008F7CB6 /* Sources */,
				2022355B270ECA50008F7CB6 /* Frameworks */,
				2022355C270ECA50008F7CB6 /* Resources */,
			);
			buildRules = (
			);
			dependencies = (
				20223560270ECA50008F7CB6 /* PBXTargetDependency */,
			);
			name = "Ascentpark UIKitUITests";
			productName = "Ascentpark UIKitUITests";
			productReference = 2022355E270ECA50008F7CB6 /* Ascentpark UIKitUITests.xctest */;
			productType = "com.apple.product-type.bundle.ui-testing";
		};
/* End PBXNativeTarget section */

/* Begin PBXProject section */
		20223536270ECA48008F7CB6 /* Project object */ = {
			isa = PBXProject;
			attributes = {
				BuildIndependentTargetsInParallel = 1;
				LastSwiftUpdateCheck = 1300;
				LastUpgradeCheck = 1300;
				TargetAttributes = {
					2022353D270ECA48008F7CB6 = {
						CreatedOnToolsVersion = 13.0;
					};
					20223553270ECA50008F7CB6 = {
						CreatedOnToolsVersion = 13.0;
						TestTargetID = 2022353D270ECA48008F7CB6;
					};
					2022355D270ECA50008F7CB6 = {
						CreatedOnToolsVersion = 13.0;
						TestTargetID = 2022353D270ECA48008F7CB6;
					};
				};
			};
			buildConfigurationList = 20223539270ECA48008F7CB6 /* Build configuration list for PBXProject "Ascentpark UIKit" */;
			compatibilityVersion = "Xcode 13.0";
			developmentRegion = en;
			hasScannedForEncodings = 0;
			knownRegions = (
				en,
				Base,
			);
			mainGroup = 20223535270ECA48008F7CB6;
			productRefGroup = 2022353F270ECA48008F7CB6 /* Products */;
			projectDirPath = "";
			projectRoot = "";
			targets = (
				2022353D270ECA48008F7CB6 /* Ascentpark UIKit */,
				20223553270ECA50008F7CB6 /* Ascentpark UIKitTests */,
				2022355D270ECA50008F7CB6 /* Ascentpark UIKitUITests */,
			);
		};
/* End PBXProject section */

/* Begin PBXResourcesBuildPhase section */
		2022353C270ECA48008F7CB6 /* Resources */ = {
			isa = PBXResourcesBuildPhase;
			buildActionMask = 2147483647;
			files = (
				20A6EDF92710217100E0F39C /* Poppins in Resources */,
				20CCD0AB2710386C00F1C2FC /* data.json in Resources */,
				20A6EDF72710216500E0F39C /* Raleway in Resources */,
				2022354E270ECA4F008F7CB6 /* LaunchScreen.storyboard in Resources */,
				2022354B270ECA4F008F7CB6 /* Assets.xcassets in Resources */,
			);
			runOnlyForDeploymentPostprocessing = 0;
		};
		20223552270ECA50008F7CB6 /* Resources */ = {
			isa = PBXResourcesBuildPhase;
			buildActionMask = 2147483647;
			files = (
			);
			runOnlyForDeploymentPostprocessing = 0;
		};
		2022355C270ECA50008F7CB6 /* Resources */ = {
			isa = PBXResourcesBuildPhase;
			buildActionMask = 2147483647;
			files = (
			);
			runOnlyForDeploymentPostprocessing = 0;
		};
/* End PBXResourcesBuildPhase section */

/* Begin PBXSourcesBuildPhase section */
		2022353A270ECA48008F7CB6 /* Sources */ = {
			isa = PBXSourcesBuildPhase;
			buildActionMask = 2147483647;
			files = (
				201C834127104E1B00A552F2 /* Tag.swift in Sources */,
				2028C65C270F90EA0041177E /* SearchViewController.swift in Sources */,
				2028C662270F91590041177E /* AuthManager.swift in Sources */,
				2028C65A270F90B90041177E /* TabBarViewController.swift in Sources */,
				20223546270ECA49008F7CB6 /* HomeViewController.swift in Sources */,
				20223542270ECA49008F7CB6 /* AppDelegate.swift in Sources */,
				201C834327104E1B00A552F2 /* User.swift in Sources */,
				201C834227104E1B00A552F2 /* UserTag.swift in Sources */,
				20223544270ECA49008F7CB6 /* SceneDelegate.swift in Sources */,
				2028C660270F913C0041177E /* WelcomViewController.swift in Sources */,
				20CCD0A7271030FB00F1C2FC /* JsonManager.swift in Sources */,
				2028C664270F916D0041177E /* APICaller.swift in Sources */,
				2028C666270F918F0041177E /* UserProfile.swift in Sources */,
				201C834027104E1B00A552F2 /* Users.swift in Sources */,
				201C83472710A09800A552F2 /* UserDetailCollectionViewCell.swift in Sources */,
				201C834427104E1B00A552F2 /* Followings.swift in Sources */,
			);
			runOnlyForDeploymentPostprocessing = 0;
		};
		20223550270ECA50008F7CB6 /* Sources */ = {
			isa = PBXSourcesBuildPhase;
			buildActionMask = 2147483647;
			files = (
				20223559270ECA50008F7CB6 /* Ascentpark_UIKitTests.swift in Sources */,
			);
			runOnlyForDeploymentPostprocessing = 0;
		};
		2022355A270ECA50008F7CB6 /* Sources */ = {
			isa = PBXSourcesBuildPhase;
			buildActionMask = 2147483647;
			files = (
				20223563270ECA50008F7CB6 /* Ascentpark_UIKitUITests.swift in Sources */,
				20223565270ECA50008F7CB6 /* Ascentpark_UIKitUITestsLaunchTests.swift in Sources */,
			);
			runOnlyForDeploymentPostprocessing = 0;
		};
/* End PBXSourcesBuildPhase section */

/* Begin PBXTargetDependency section */
		20223556270ECA50008F7CB6 /* PBXTargetDependency */ = {
			isa = PBXTargetDependency;
			target = 2022353D270ECA48008F7CB6 /* Ascentpark UIKit */;
			targetProxy = 20223555270ECA50008F7CB6 /* PBXContainerItemProxy */;
		};
		20223560270ECA50008F7CB6 /* PBXTargetDependency */ = {
			isa = PBXTargetDependency;
			target = 2022353D270ECA48008F7CB6 /* Ascentpark UIKit */;
			targetProxy = 2022355F270ECA50008F7CB6 /* PBXContainerItemProxy */;
		};
/* End PBXTargetDependency section */

/* Begin PBXVariantGroup section */
		2022354C270ECA4F008F7CB6 /* LaunchScreen.storyboard */ = {
			isa = PBXVariantGroup;
			children = (
				2022354D270ECA4F008F7CB6 /* Base */,
			);
			name = LaunchScreen.storyboard;
			sourceTree = "<group>";
		};
/* End PBXVariantGroup section */

/* Begin XCBuildConfiguration section */
		20223566270ECA50008F7CB6 /* Debug */ = {
			isa = XCBuildConfiguration;
			buildSettings = {
				ALWAYS_SEARCH_USER_PATHS = NO;
				CLANG_ANALYZER_NONNULL = YES;
				CLANG_ANALYZER_NUMBER_OBJECT_CONVERSION = YES_AGGRESSIVE;
				CLANG_CXX_LANGUAGE_STANDARD = "gnu++17";
				CLANG_CXX_LIBRARY = "libc++";
				CLANG_ENABLE_MODULES = YES;
				CLANG_ENABLE_OBJC_ARC = YES;
				CLANG_ENABLE_OBJC_WEAK = YES;
				CLANG_WARN_BLOCK_CAPTURE_AUTORELEASING = YES;
				CLANG_WARN_BOOL_CONVERSION = YES;
				CLANG_WARN_COMMA = YES;
				CLANG_WARN_CONSTANT_CONVERSION = YES;
				CLANG_WARN_DEPRECATED_OBJC_IMPLEMENTATIONS = YES;
				CLANG_WARN_DIRECT_OBJC_ISA_USAGE = YES_ERROR;
				CLANG_WARN_DOCUMENTATION_COMMENTS = YES;
				CLANG_WARN_EMPTY_BODY = YES;
				CLANG_WARN_ENUM_CONVERSION = YES;
				CLANG_WARN_INFINITE_RECURSION = YES;
				CLANG_WARN_INT_CONVERSION = YES;
				CLANG_WARN_NON_LITERAL_NULL_CONVERSION = YES;
				CLANG_WARN_OBJC_IMPLICIT_RETAIN_SELF = YES;
				CLANG_WARN_OBJC_LITERAL_CONVERSION = YES;
				CLANG_WARN_OBJC_ROOT_CLASS = YES_ERROR;
				CLANG_WARN_QUOTED_INCLUDE_IN_FRAMEWORK_HEADER = YES;
				CLANG_WARN_RANGE_LOOP_ANALYSIS = YES;
				CLANG_WARN_STRICT_PROTOTYPES = YES;
				CLANG_WARN_SUSPICIOUS_MOVE = YES;
				CLANG_WARN_UNGUARDED_AVAILABILITY = YES_AGGRESSIVE;
				CLANG_WARN_UNREACHABLE_CODE = YES;
				CLANG_WARN__DUPLICATE_METHOD_MATCH = YES;
				COPY_PHASE_STRIP = NO;
				DEBUG_INFORMATION_FORMAT = dwarf;
				ENABLE_STRICT_OBJC_MSGSEND = YES;
				ENABLE_TESTABILITY = YES;
				GCC_C_LANGUAGE_STANDARD = gnu11;
				GCC_DYNAMIC_NO_PIC = NO;
				GCC_NO_COMMON_BLOCKS = YES;
				GCC_OPTIMIZATION_LEVEL = 0;
				GCC_PREPROCESSOR_DEFINITIONS = (
					"DEBUG=1",
					"$(inherited)",
				);
				GCC_WARN_64_TO_32_BIT_CONVERSION = YES;
				GCC_WARN_ABOUT_RETURN_TYPE = YES_ERROR;
				GCC_WARN_UNDECLARED_SELECTOR = YES;
				GCC_WARN_UNINITIALIZED_AUTOS = YES_AGGRESSIVE;
				GCC_WARN_UNUSED_FUNCTION = YES;
				GCC_WARN_UNUSED_VARIABLE = YES;
				IPHONEOS_DEPLOYMENT_TARGET = 15.0;
				MTL_ENABLE_DEBUG_INFO = INCLUDE_SOURCE;
				MTL_FAST_MATH = YES;
				ONLY_ACTIVE_ARCH = YES;
				SDKROOT = iphoneos;
				SWIFT_ACTIVE_COMPILATION_CONDITIONS = DEBUG;
				SWIFT_OPTIMIZATION_LEVEL = "-Onone";
			};
			name = Debug;
		};
		20223567270ECA50008F7CB6 /* Release */ = {
			isa = XCBuildConfiguration;
			buildSettings = {
				ALWAYS_SEARCH_USER_PATHS = NO;
				CLANG_ANALYZER_NONNULL = YES;
				CLANG_ANALYZER_NUMBER_OBJECT_CONVERSION = YES_AGGRESSIVE;
				CLANG_CXX_LANGUAGE_STANDARD = "gnu++17";
				CLANG_CXX_LIBRARY = "libc++";
				CLANG_ENABLE_MODULES = YES;
				CLANG_ENABLE_OBJC_ARC = YES;
				CLANG_ENABLE_OBJC_WEAK = YES;
				CLANG_WARN_BLOCK_CAPTURE_AUTORELEASING = YES;
				CLANG_WARN_BOOL_CONVERSION = YES;
				CLANG_WARN_COMMA = YES;
				CLANG_WARN_CONSTANT_CONVERSION = YES;
				CLANG_WARN_DEPRECATED_OBJC_IMPLEMENTATIONS = YES;
				CLANG_WARN_DIRECT_OBJC_ISA_USAGE = YES_ERROR;
				CLANG_WARN_DOCUMENTATION_COMMENTS = YES;
				CLANG_WARN_EMPTY_BODY = YES;
				CLANG_WARN_ENUM_CONVERSION = YES;
				CLANG_WARN_INFINITE_RECURSION = YES;
				CLANG_WARN_INT_CONVERSION = YES;
				CLANG_WARN_NON_LITERAL_NULL_CONVERSION = YES;
				CLANG_WARN_OBJC_IMPLICIT_RETAIN_SELF = YES;
				CLANG_WARN_OBJC_LITERAL_CONVERSION = YES;
				CLANG_WARN_OBJC_ROOT_CLASS = YES_ERROR;
				CLANG_WARN_QUOTED_INCLUDE_IN_FRAMEWORK_HEADER = YES;
				CLANG_WARN_RANGE_LOOP_ANALYSIS = YES;
				CLANG_WARN_STRICT_PROTOTYPES = YES;
				CLANG_WARN_SUSPICIOUS_MOVE = YES;
				CLANG_WARN_UNGUARDED_AVAILABILITY = YES_AGGRESSIVE;
				CLANG_WARN_UNREACHABLE_CODE = YES;
				CLANG_WARN__DUPLICATE_METHOD_MATCH = YES;
				COPY_PHASE_STRIP = NO;
				DEBUG_INFORMATION_FORMAT = "dwarf-with-dsym";
				ENABLE_NS_ASSERTIONS = NO;
				ENABLE_STRICT_OBJC_MSGSEND = YES;
				GCC_C_LANGUAGE_STANDARD = gnu11;
				GCC_NO_COMMON_BLOCKS = YES;
				GCC_WARN_64_TO_32_BIT_CONVERSION = YES;
				GCC_WARN_ABOUT_RETURN_TYPE = YES_ERROR;
				GCC_WARN_UNDECLARED_SELECTOR = YES;
				GCC_WARN_UNINITIALIZED_AUTOS = YES_AGGRESSIVE;
				GCC_WARN_UNUSED_FUNCTION = YES;
				GCC_WARN_UNUSED_VARIABLE = YES;
				IPHONEOS_DEPLOYMENT_TARGET = 15.0;
				MTL_ENABLE_DEBUG_INFO = NO;
				MTL_FAST_MATH = YES;
				SDKROOT = iphoneos;
				SWIFT_COMPILATION_MODE = wholemodule;
				SWIFT_OPTIMIZATION_LEVEL = "-O";
				VALIDATE_PRODUCT = YES;
			};
			name = Release;
		};
		20223569270ECA50008F7CB6 /* Debug */ = {
			isa = XCBuildConfiguration;
			buildSettings = {
				ASSETCATALOG_COMPILER_APPICON_NAME = AppIcon;
				ASSETCATALOG_COMPILER_GLOBAL_ACCENT_COLOR_NAME = AccentColor;
				CODE_SIGN_STYLE = Automatic;
				CURRENT_PROJECT_VERSION = 1;
				DEVELOPMENT_TEAM = YY38H52DZ8;
				GENERATE_INFOPLIST_FILE = YES;
				INFOPLIST_FILE = "Ascentpark UIKit/Info.plist";
				INFOPLIST_KEY_UIApplicationSupportsIndirectInputEvents = YES;
				INFOPLIST_KEY_UILaunchStoryboardName = LaunchScreen;
				INFOPLIST_KEY_UIMainStoryboardFile = LaunchScreen;
				INFOPLIST_KEY_UISupportedInterfaceOrientations_iPad = "UIInterfaceOrientationPortrait UIInterfaceOrientationPortraitUpsideDown UIInterfaceOrientationLandscapeLeft UIInterfaceOrientationLandscapeRight";
				INFOPLIST_KEY_UISupportedInterfaceOrientations_iPhone = "UIInterfaceOrientationPortrait UIInterfaceOrientationLandscapeLeft UIInterfaceOrientationLandscapeRight";
				LD_RUNPATH_SEARCH_PATHS = (
					"$(inherited)",
					"@executable_path/Frameworks",
				);
				MARKETING_VERSION = 1.0;
				PRODUCT_BUNDLE_IDENTIFIER = "nishant.Ascentpark-UIKit";
				PRODUCT_NAME = "$(TARGET_NAME)";
				SWIFT_EMIT_LOC_STRINGS = YES;
				SWIFT_VERSION = 5.0;
				TARGETED_DEVICE_FAMILY = "1,2";
			};
			name = Debug;
		};
		2022356A270ECA50008F7CB6 /* Release */ = {
			isa = XCBuildConfiguration;
			buildSettings = {
				ASSETCATALOG_COMPILER_APPICON_NAME = AppIcon;
				ASSETCATALOG_COMPILER_GLOBAL_ACCENT_COLOR_NAME = AccentColor;
				CODE_SIGN_STYLE = Automatic;
				CURRENT_PROJECT_VERSION = 1;
				DEVELOPMENT_TEAM = YY38H52DZ8;
				GENERATE_INFOPLIST_FILE = YES;
				INFOPLIST_FILE = "Ascentpark UIKit/Info.plist";
				INFOPLIST_KEY_UIApplicationSupportsIndirectInputEvents = YES;
				INFOPLIST_KEY_UILaunchStoryboardName = LaunchScreen;
				INFOPLIST_KEY_UIMainStoryboardFile = LaunchScreen;
				INFOPLIST_KEY_UISupportedInterfaceOrientations_iPad = "UIInterfaceOrientationPortrait UIInterfaceOrientationPortraitUpsideDown UIInterfaceOrientationLandscapeLeft UIInterfaceOrientationLandscapeRight";
				INFOPLIST_KEY_UISupportedInterfaceOrientations_iPhone = "UIInterfaceOrientationPortrait UIInterfaceOrientationLandscapeLeft UIInterfaceOrientationLandscapeRight";
				LD_RUNPATH_SEARCH_PATHS = (
					"$(inherited)",
					"@executable_path/Frameworks",
				);
				MARKETING_VERSION = 1.0;
				PRODUCT_BUNDLE_IDENTIFIER = "nishant.Ascentpark-UIKit";
				PRODUCT_NAME = "$(TARGET_NAME)";
				SWIFT_EMIT_LOC_STRINGS = YES;
				SWIFT_VERSION = 5.0;
				TARGETED_DEVICE_FAMILY = "1,2";
			};
			name = Release;
		};
		2022356C270ECA50008F7CB6 /* Debug */ = {
			isa = XCBuildConfiguration;
			buildSettings = {
				ALWAYS_EMBED_SWIFT_STANDARD_LIBRARIES = YES;
				BUNDLE_LOADER = "$(TEST_HOST)";
				CODE_SIGN_STYLE = Automatic;
				CURRENT_PROJECT_VERSION = 1;
				DEVELOPMENT_TEAM = YY38H52DZ8;
				GENERATE_INFOPLIST_FILE = YES;
				IPHONEOS_DEPLOYMENT_TARGET = 15.0;
				LD_RUNPATH_SEARCH_PATHS = (
					"$(inherited)",
					"@executable_path/Frameworks",
					"@loader_path/Frameworks",
				);
				MARKETING_VERSION = 1.0;
				PRODUCT_BUNDLE_IDENTIFIER = "nishant.Ascentpark-UIKitTests";
				PRODUCT_NAME = "$(TARGET_NAME)";
				SWIFT_EMIT_LOC_STRINGS = NO;
				SWIFT_VERSION = 5.0;
				TARGETED_DEVICE_FAMILY = "1,2";
				TEST_HOST = "$(BUILT_PRODUCTS_DIR)/Ascentpark UIKit.app/Ascentpark UIKit";
			};
			name = Debug;
		};
		2022356D270ECA50008F7CB6 /* Release */ = {
			isa = XCBuildConfiguration;
			buildSettings = {
				ALWAYS_EMBED_SWIFT_STANDARD_LIBRARIES = YES;
				BUNDLE_LOADER = "$(TEST_HOST)";
				CODE_SIGN_STYLE = Automatic;
				CURRENT_PROJECT_VERSION = 1;
				DEVELOPMENT_TEAM = YY38H52DZ8;
				GENERATE_INFOPLIST_FILE = YES;
				IPHONEOS_DEPLOYMENT_TARGET = 15.0;
				LD_RUNPATH_SEARCH_PATHS = (
					"$(inherited)",
					"@executable_path/Frameworks",
					"@loader_path/Frameworks",
				);
				MARKETING_VERSION = 1.0;
				PRODUCT_BUNDLE_IDENTIFIER = "nishant.Ascentpark-UIKitTests";
				PRODUCT_NAME = "$(TARGET_NAME)";
				SWIFT_EMIT_LOC_STRINGS = NO;
				SWIFT_VERSION = 5.0;
				TARGETED_DEVICE_FAMILY = "1,2";
				TEST_HOST = "$(BUILT_PRODUCTS_DIR)/Ascentpark UIKit.app/Ascentpark UIKit";
			};
			name = Release;
		};
		2022356F270ECA50008F7CB6 /* Debug */ = {
			isa = XCBuildConfiguration;
			buildSettings = {
				ALWAYS_EMBED_SWIFT_STANDARD_LIBRARIES = YES;
				CODE_SIGN_STYLE = Automatic;
				CURRENT_PROJECT_VERSION = 1;
				DEVELOPMENT_TEAM = YY38H52DZ8;
				GENERATE_INFOPLIST_FILE = YES;
				LD_RUNPATH_SEARCH_PATHS = (
					"$(inherited)",
					"@executable_path/Frameworks",
					"@loader_path/Frameworks",
				);
				MARKETING_VERSION = 1.0;
				PRODUCT_BUNDLE_IDENTIFIER = "nishant.Ascentpark-UIKitUITests";
				PRODUCT_NAME = "$(TARGET_NAME)";
				SWIFT_EMIT_LOC_STRINGS = NO;
				SWIFT_VERSION = 5.0;
				TARGETED_DEVICE_FAMILY = "1,2";
				TEST_TARGET_NAME = "Ascentpark UIKit";
			};
			name = Debug;
		};
		20223570270ECA50008F7CB6 /* Release */ = {
			isa = XCBuildConfiguration;
			buildSettings = {
				ALWAYS_EMBED_SWIFT_STANDARD_LIBRARIES = YES;
				CODE_SIGN_STYLE = Automatic;
				CURRENT_PROJECT_VERSION = 1;
				DEVELOPMENT_TEAM = YY38H52DZ8;
				GENERATE_INFOPLIST_FILE = YES;
				LD_RUNPATH_SEARCH_PATHS = (
					"$(inherited)",
					"@executable_path/Frameworks",
					"@loader_path/Frameworks",
				);
				MARKETING_VERSION = 1.0;
				PRODUCT_BUNDLE_IDENTIFIER = "nishant.Ascentpark-UIKitUITests";
				PRODUCT_NAME = "$(TARGET_NAME)";
				SWIFT_EMIT_LOC_STRINGS = NO;
				SWIFT_VERSION = 5.0;
				TARGETED_DEVICE_FAMILY = "1,2";
				TEST_TARGET_NAME = "Ascentpark UIKit";
			};
			name = Release;
		};
/* End XCBuildConfiguration section */

/* Begin XCConfigurationList section */
		20223539270ECA48008F7CB6 /* Build configuration list for PBXProject "Ascentpark UIKit" */ = {
			isa = XCConfigurationList;
			buildConfigurations = (
				20223566270ECA50008F7CB6 /* Debug */,
				20223567270ECA50008F7CB6 /* Release */,
			);
			defaultConfigurationIsVisible = 0;
			defaultConfigurationName = Release;
		};
		20223568270ECA50008F7CB6 /* Build configuration list for PBXNativeTarget "Ascentpark UIKit" */ = {
			isa = XCConfigurationList;
			buildConfigurations = (
				20223569270ECA50008F7CB6 /* Debug */,
				2022356A270ECA50008F7CB6 /* Release */,
			);
			defaultConfigurationIsVisible = 0;
			defaultConfigurationName = Release;
		};
		2022356B270ECA50008F7CB6 /* Build configuration list for PBXNativeTarget "Ascentpark UIKitTests" */ = {
			isa = XCConfigurationList;
			buildConfigurations = (
				2022356C270ECA50008F7CB6 /* Debug */,
				2022356D270ECA50008F7CB6 /* Release */,
			);
			defaultConfigurationIsVisible = 0;
			defaultConfigurationName = Release;
		};
		2022356E270ECA50008F7CB6 /* Build configuration list for PBXNativeTarget "Ascentpark UIKitUITests" */ = {
			isa = XCConfigurationList;
			buildConfigurations = (
				2022356F270ECA50008F7CB6 /* Debug */,
				20223570270ECA50008F7CB6 /* Release */,
			);
			defaultConfigurationIsVisible = 0;
			defaultConfigurationName = Release;
		};
/* End XCConfigurationList section */
	};
	rootObject = 20223536270ECA48008F7CB6 /* Project object */;
}
